
Microsoft Visual Studio Solution File, Format Version 12.00
# Visual Studio Version 17
VisualStudioVersion = 17.4.33213.308
MinimumVisualStudioVersion = 10.0.40219.1
Project("{8BC9CEB8-8B4A-11D0-8D11-00A0C91BC942}") = "Ejercicio01", "Ejercicio01\Ejercicio01.vcxproj", "{0B683772-32D5-4E91-83BF-F57F44E17DE2}"
EndProject
Project("{8BC9CEB8-8B4A-11D0-8D11-00A0C91BC942}") = "Ejercicio02", "Ejercicio02\Ejercicio02.vcxproj", "{7AFBC8E8-D826-46FC-B8BA-57D421A646F6}"
EndProject
Project("{8BC9CEB8-8B4A-11D0-8D11-00A0C91BC942}") = "Ejercicio03", "Ejercicio03\Ejercicio03.vcxproj", "{DFDEDED6-5ECC-44F9-BCE9-DBBDCB4010A0}"
EndProject
Project("{8BC9CEB8-8B4A-11D0-8D11-00A0C91BC942}") = "Ejercicio04", "Ejercicio04\Ejercicio04.vcxproj", "{3D869063-88A5-49A2-9013-5F38BF341998}"
EndProject
Project("{8BC9CEB8-8B4A-11D0-8D11-00A0C91BC942}") = "Ejercicio05", "Ejercicio05\Ejercicio05.vcxproj", "{371FC4CF-83D7-4009-9A0B-3CC631A22718}"
EndProject
Global
	GlobalSection(SolutionConfigurationPlatforms) = preSolution
		Debug|x64 = Debug|x64
		Debug|x86 = Debug|x86
		Release|x64 = Release|x64
		Release|x86 = Release|x86
	EndGlobalSection
	GlobalSection(ProjectConfigurationPlatforms) = postSolution
		{0B683772-32D5-4E91-83BF-F57F44E17DE2}.Debug|x64.ActiveCfg = Debug|x64
		{0B683772-32D5-4E91-83BF-F57F44E17DE2}.Debug|x64.Build.0 = Debug|x64
		{0B683772-32D5-4E91-83BF-F57F44E17DE2}.Debug|x86.ActiveCfg = Debug|Win32
		{0B683772-32D5-4E91-83BF-F57F44E17DE2}.Debug|x86.Build.0 = Debug|Win32
		{0B683772-32D5-4E91-83BF-F57F44E17DE2}.Release|x64.ActiveCfg = Release|x64
		{0B683772-32D5-4E91-83BF-F57F44E17DE2}.Release|x64.Build.0 = Release|x64
		{0B683772-32D5-4E91-83BF-F57F44E17DE2}.Release|x86.ActiveCfg = Release|Win32
		{0B683772-32D5-4E91-83BF-F57F44E17DE2}.Release|x86.Build.0 = Release|Win32
		{7AFBC8E8-D826-46FC-B8BA-57D421A646F6}.Debug|x64.ActiveCfg = Debug|x64
		{7AFBC8E8-D826-46FC-B8BA-57D421A646F6}.Debug|x64.Build.0 = Debug|x64
		{7AFBC8E8-D826-46FC-B8BA-57D421A646F6}.Debug|x86.ActiveCfg = Debug|Win32
		{7AFBC8E8-D826-46FC-B8BA-57D421A646F6}.Debug|x86.Build.0 = Debug|Win32
		{7AFBC8E8-D826-46FC-B8BA-57D421A646F6}.Release|x64.ActiveCfg = Release|x64
		{7AFBC8E8-D826-46FC-B8BA-57D421A646F6}.Release|x64.Build.0 = Release|x64
		{7AFBC8E8-D826-46FC-B8BA-57D421A646F6}.Release|x86.ActiveCfg = Release|Win32
		{7AFBC8E8-D826-46FC-B8BA-57D421A646F6}.Release|x86.Build.0 = Release|Win32
		{DFDEDED6-5ECC-44F9-BCE9-DBBDCB4010A0}.Debug|x64.ActiveCfg = Debug|x64
		{DFDEDED6-5ECC-44F9-BCE9-DBBDCB4010A0}.Debug|x64.Build.0 = Debug|x64
		{DFDEDED6-5ECC-44F9-BCE9-DBBDCB4010A0}.Debug|x86.ActiveCfg = Debug|Win32
		{DFDEDED6-5ECC-44F9-BCE9-DBBDCB4010A0}.Debug|x86.Build.0 = Debug|Win32
		{DFDEDED6-5ECC-44F9-BCE9-DBBDCB4010A0}.Release|x64.ActiveCfg = Release|x64
		{DFDEDED6-5ECC-44F9-BCE9-DBBDCB4010A0}.Release|x64.Build.0 = Release|x64
		{DFDEDED6-5ECC-44F9-BCE9-DBBDCB4010A0}.Release|x86.ActiveCfg = Release|Win32
		{DFDEDED6-5ECC-44F9-BCE9-DBBDCB4010A0}.Release|x86.Build.0 = Release|Win32
		{3D869063-88A5-49A2-9013-5F38BF341998}.Debug|x64.ActiveCfg = Debug|x64
		{3D869063-88A5-49A2-9013-5F38BF341998}.Debug|x64.Build.0 = Debug|x64
		{3D869063-88A5-49A2-9013-5F38BF341998}.Debug|x86.ActiveCfg = Debug|Win32
		{3D869063-88A5-49A2-9013-5F38BF341998}.Debug|x86.Build.0 = Debug|Win32
		{3D869063-88A5-49A2-9013-5F38BF341998}.Release|x64.ActiveCfg = Release|x64
		{3D869063-88A5-49A2-9013-5F38BF341998}.Release|x64.Build.0 = Release|x64
		{3D869063-88A5-49A2-9013-5F38BF341998}.Release|x86.ActiveCfg = Release|Win32
		{3D869063-88A5-49A2-9013-5F38BF341998}.Release|x86.Build.0 = Release|Win32
		{371FC4CF-83D7-4009-9A0B-3CC631A22718}.Debug|x64.ActiveCfg = Debug|x64
		{371FC4CF-83D7-4009-9A0B-3CC631A22718}.Debug|x64.Build.0 = Debug|x64
		{371FC4CF-83D7-4009-9A0B-3CC631A22718}.Debug|x86.ActiveCfg = Debug|Win32
		{371FC4CF-83D7-4009-9A0B-3CC631A22718}.Debug|x86.Build.0 = Debug|Win32
		{371FC4CF-83D7-4009-9A0B-3CC631A22718}.Release|x64.ActiveCfg = Release|x64
		{371FC4CF-83D7-4009-9A0B-3CC631A22718}.Release|x64.Build.0 = Release|x64
		{371FC4CF-83D7-4009-9A0B-3CC631A22718}.Release|x86.ActiveCfg = Release|Win32
		{371FC4CF-83D7-4009-9A0B-3CC631A22718}.Release|x86.Build.0 = Release|Win32
	EndGlobalSection
	GlobalSection(SolutionProperties) = preSolution
		HideSolutionNode = FALSE
	EndGlobalSection
	GlobalSection(ExtensibilityGlobals) = postSolution
		SolutionGuid = {7C58CEA8-5717-433A-8735-017235AEE9A5}
	EndGlobalSection
EndGlobal
